
Microsoft Visual Studio Solution File, Format Version 11.00
# Visual Studio 2010
Project("{8BC9CEB8-8B4A-11D0-8D11-00A0C91BC942}") = "Brainthread", "Brainthread\Brainthread.vcxproj", "{B835E15E-9327-431F-B01D-7B2E57FA6526}"
EndProject
Global
	GlobalSection(SolutionConfigurationPlatforms) = preSolution
		Debug|Win32 = Debug|Win32
		Release|Win32 = Release|Win32
	EndGlobalSection
	GlobalSection(ProjectConfigurationPlatforms) = postSolution
		{B835E15E-9327-431F-B01D-7B2E57FA6526}.Debug|Win32.ActiveCfg = Debug|Win32
		{B835E15E-9327-431F-B01D-7B2E57FA6526}.Debug|Win32.Build.0 = Debug|Win32
		{B835E15E-9327-431F-B01D-7B2E57FA6526}.Release|Win32.ActiveCfg = Release|Win32
		{B835E15E-9327-431F-B01D-7B2E57FA6526}.Release|Win32.Build.0 = Release|Win32
	EndGlobalSection
	GlobalSection(SolutionProperties) = preSolution
		HideSolutionNode = FALSE
	EndGlobalSection
EndGlobal
